# This file is autogenerated, do not edit; changes may be undone by the next 'dep ensure'.


[[projects]]
  name = "github.com/google/uuid"
  packages = ["."]
  revision = "064e2069ce9c359c118179501254f67d7d37ba24"
  version = "0.2"

[[projects]]
  branch = "master"
  name = "github.com/hashicorp/errwrap"
  packages = ["."]
  revision = "7554cd9344cec97297fa6649b055a8c98c2a1e55"

[[projects]]
  branch = "master"
  name = "github.com/hashicorp/go-multierror"
  packages = ["."]
  revision = "b7773ae218740a7be65057fc60b366a49b538a44"

[[projects]]
  branch = "master"
  name = "github.com/neelance/parallel"
  packages = ["."]
  revision = "4de9ce63d14c18517a79efe69e10e99d32c850c3"

[[projects]]
  name = "github.com/pkg/errors"
  packages = ["."]
  revision = "645ef00459ed84a119197bfb8d8205042c6df63d"
  version = "v0.8.0"

[[projects]]
  branch = "master"
  name = "github.com/sourcegraph/go-langserver"
  packages = [
    "pkg/lsp",
    "pkg/lspext"
  ]
  revision = "6d56335e3448a7f6a3e1deda989fb329feedf7e4"

[[projects]]
  branch = "master"
  name = "github.com/sourcegraph/jsonrpc2"
  packages = ["."]
  revision = "2ed59d3304d3c7a972e6f58064ab9cdad4cbfc2c"

[solve-meta]
  analyzer-name = "dep"
  analyzer-version = 1
  inputs-digest = "c05a73c59af2c85e3bebe45fa91591b4f70972534f2cad96c5f0c19afe93b23c"
  solver-name = "gps-cdcl"
  solver-version = 1
